
Microsoft Visual Studio Solution File, Format Version 12.00
# Visual Studio Version 17
VisualStudioVersion = 17.3.32929.385
MinimumVisualStudioVersion = 10.0.40219.1
Project("{FAE04EC0-301F-11D3-BF4B-00C04F79EFBC}") = "WpfApp_Exam", "WpfApp_Exam.csproj", "{35D4C18F-18AA-4802-A766-BC138B3EBD8B}"
EndProject
Global
	GlobalSection(SolutionConfigurationPlatforms) = preSolution
		Debug|Any CPU = Debug|Any CPU
		Release|Any CPU = Release|Any CPU
	EndGlobalSection
	GlobalSection(ProjectConfigurationPlatforms) = postSolution
		{35D4C18F-18AA-4802-A766-BC138B3EBD8B}.Debug|Any CPU.ActiveCfg = Debug|Any CPU
		{35D4C18F-18AA-4802-A766-BC138B3EBD8B}.Debug|Any CPU.Build.0 = Debug|Any CPU
		{35D4C18F-18AA-4802-A766-BC138B3EBD8B}.Release|Any CPU.ActiveCfg = Release|Any CPU
		{35D4C18F-18AA-4802-A766-BC138B3EBD8B}.Release|Any CPU.Build.0 = Release|Any CPU
	EndGlobalSection
	GlobalSection(SolutionProperties) = preSolution
		HideSolutionNode = FALSE
	EndGlobalSection
	GlobalSection(ExtensibilityGlobals) = postSolution
		SolutionGuid = {D59137A6-F16F-4D98-9253-3AD354A8285E}
	EndGlobalSection
EndGlobal
